// !$*UTF8*$!
{
	archiveVersion = 1;
	classes = {
	};
	objectVersion = 56;
	objects = {

/* Begin PBXBuildFile section */
		99D454512AD7F3B2007E3E5C /* MC1App.swift in Sources */ = {isa = PBXBuildFile; fileRef = 99D454502AD7F3B2007E3E5C /* MC1App.swift */; };
		99D454532AD7F3B2007E3E5C /* ContentView.swift in Sources */ = {isa = PBXBuildFile; fileRef = 99D454522AD7F3B2007E3E5C /* ContentView.swift */; };
		99D454552AD7F3B3007E3E5C /* Assets.xcassets in Resources */ = {isa = PBXBuildFile; fileRef = 99D454542AD7F3B3007E3E5C /* Assets.xcassets */; };
		99D454582AD7F3B3007E3E5C /* Preview Assets.xcassets in Resources */ = {isa = PBXBuildFile; fileRef = 99D454572AD7F3B3007E3E5C /* Preview Assets.xcassets */; };
		99D454622AD7F3B3007E3E5C /* MC1Tests.swift in Sources */ = {isa = PBXBuildFile; fileRef = 99D454612AD7F3B3007E3E5C /* MC1Tests.swift */; };
		99D4546C2AD7F3B3007E3E5C /* MC1UITests.swift in Sources */ = {isa = PBXBuildFile; fileRef = 99D4546B2AD7F3B3007E3E5C /* MC1UITests.swift */; };
		99D4546E2AD7F3B3007E3E5C /* MC1UITestsLaunchTests.swift in Sources */ = {isa = PBXBuildFile; fileRef = 99D4546D2AD7F3B3007E3E5C /* MC1UITestsLaunchTests.swift */; };
/* End PBXBuildFile section */

/* Begin PBXContainerItemProxy section */
		99D4545E2AD7F3B3007E3E5C /* PBXContainerItemProxy */ = {
			isa = PBXContainerItemProxy;
			containerPortal = 99D454452AD7F3B2007E3E5C /* Project object */;
			proxyType = 1;
			remoteGlobalIDString = 99D4544C2AD7F3B2007E3E5C;
			remoteInfo = MC1;
		};
		99D454682AD7F3B3007E3E5C /* PBXContainerItemProxy */ = {
			isa = PBXContainerItemProxy;
			containerPortal = 99D454452AD7F3B2007E3E5C /* Project object */;
			proxyType = 1;
			remoteGlobalIDString = 99D4544C2AD7F3B2007E3E5C;
			remoteInfo = MC1;
		};
/* End PBXContainerItemProxy section */

/* Begin PBXFileReference section */
		99D4544D2AD7F3B2007E3E5C /* MC1.app */ = {isa = PBXFileReference; explicitFileType = wrapper.application; includeInIndex = 0; path = MC1.app; sourceTree = BUILT_PRODUCTS_DIR; };
		99D454502AD7F3B2007E3E5C /* MC1App.swift */ = {isa = PBXFileReference; lastKnownFileType = sourcecode.swift; path = MC1App.swift; sourceTree = "<group>"; };
		99D454522AD7F3B2007E3E5C /* ContentView.swift */ = {isa = PBXFileReference; lastKnownFileType = sourcecode.swift; path = ContentView.swift; sourceTree = "<group>"; };
		99D454542AD7F3B3007E3E5C /* Assets.xcassets */ = {isa = PBXFileReference; lastKnownFileType = folder.assetcatalog; path = Assets.xcassets; sourceTree = "<group>"; };
		99D454572AD7F3B3007E3E5C /* Preview Assets.xcassets */ = {isa = PBXFileReference; lastKnownFileType = folder.assetcatalog; path = "Preview Assets.xcassets"; sourceTree = "<group>"; };
		99D4545D2AD7F3B3007E3E5C /* MC1Tests.xctest */ = {isa = PBXFileReference; explicitFileType = wrapper.cfbundle; includeInIndex = 0; path = MC1Tests.xctest; sourceTree = BUILT_PRODUCTS_DIR; };
		99D454612AD7F3B3007E3E5C /* MC1Tests.swift */ = {isa = PBXFileReference; lastKnownFileType = sourcecode.swift; path = MC1Tests.swift; sourceTree = "<group>"; };
		99D454672AD7F3B3007E3E5C /* MC1UITests.xctest */ = {isa = PBXFileReference; explicitFileType = wrapper.cfbundle; includeInIndex = 0; path = MC1UITests.xctest; sourceTree = BUILT_PRODUCTS_DIR; };
		99D4546B2AD7F3B3007E3E5C /* MC1UITests.swift */ = {isa = PBXFileReference; lastKnownFileType = sourcecode.swift; path = MC1UITests.swift; sourceTree = "<group>"; };
		99D4546D2AD7F3B3007E3E5C /* MC1UITestsLaunchTests.swift */ = {isa = PBXFileReference; lastKnownFileType = sourcecode.swift; path = MC1UITestsLaunchTests.swift; sourceTree = "<group>"; };
/* End PBXFileReference section */

/* Begin PBXFrameworksBuildPhase section */
		99D4544A2AD7F3B2007E3E5C /* Frameworks */ = {
			isa = PBXFrameworksBuildPhase;
			buildActionMask = 2147483647;
			files = (
			);
			runOnlyForDeploymentPostprocessing = 0;
		};
		99D4545A2AD7F3B3007E3E5C /* Frameworks */ = {
			isa = PBXFrameworksBuildPhase;
			buildActionMask = 2147483647;
			files = (
			);
			runOnlyForDeploymentPostprocessing = 0;
		};
		99D454642AD7F3B3007E3E5C /* Frameworks */ = {
			isa = PBXFrameworksBuildPhase;
			buildActionMask = 2147483647;
			files = (
			);
			runOnlyForDeploymentPostprocessing = 0;
		};
/* End PBXFrameworksBuildPhase section */

/* Begin PBXGroup section */
		99D454442AD7F3B2007E3E5C = {
			isa = PBXGroup;
			children = (
				99D4544F2AD7F3B2007E3E5C /* MC1 */,
				99D454602AD7F3B3007E3E5C /* MC1Tests */,
				99D4546A2AD7F3B3007E3E5C /* MC1UITests */,
				99D4544E2AD7F3B2007E3E5C /* Products */,
			);
			sourceTree = "<group>";
		};
		99D4544E2AD7F3B2007E3E5C /* Products */ = {
			isa = PBXGroup;
			children = (
				99D4544D2AD7F3B2007E3E5C /* MC1.app */,
				99D4545D2AD7F3B3007E3E5C /* MC1Tests.xctest */,
				99D454672AD7F3B3007E3E5C /* MC1UITests.xctest */,
			);
			name = Products;
			sourceTree = "<group>";
		};
		99D4544F2AD7F3B2007E3E5C /* MC1 */ = {
			isa = PBXGroup;
			children = (
				99D454502AD7F3B2007E3E5C /* MC1App.swift */,
				99D454522AD7F3B2007E3E5C /* ContentView.swift */,
				99D454542AD7F3B3007E3E5C /* Assets.xcassets */,
				99D454562AD7F3B3007E3E5C /* Preview Content */,
			);
			path = MC1;
			sourceTree = "<group>";
		};
		99D454562AD7F3B3007E3E5C /* Preview Content */ = {
			isa = PBXGroup;
			children = (
				99D454572AD7F3B3007E3E5C /* Preview Assets.xcassets */,
			);
			path = "Preview Content";
			sourceTree = "<group>";
		};
		99D454602AD7F3B3007E3E5C /* MC1Tests */ = {
			isa = PBXGroup;
			children = (
				99D454612AD7F3B3007E3E5C /* MC1Tests.swift */,
			);
			path = MC1Tests;
			sourceTree = "<group>";
		};
		99D4546A2AD7F3B3007E3E5C /* MC1UITests */ = {
			isa = PBXGroup;
			children = (
				99D4546B2AD7F3B3007E3E5C /* MC1UITests.swift */,
				99D4546D2AD7F3B3007E3E5C /* MC1UITestsLaunchTests.swift */,
			);
			path = MC1UITests;
			sourceTree = "<group>";
		};
/* End PBXGroup section */

/* Begin PBXNativeTarget section */
		99D4544C2AD7F3B2007E3E5C /* MC1 */ = {
			isa = PBXNativeTarget;
			buildConfigurationList = 99D454712AD7F3B3007E3E5C /* Build configuration list for PBXNativeTarget "MC1" */;
			buildPhases = (
				99D454492AD7F3B2007E3E5C /* Sources */,
				99D4544A2AD7F3B2007E3E5C /* Frameworks */,
				99D4544B2AD7F3B2007E3E5C /* Resources */,
			);
			buildRules = (
			);
			dependencies = (
			);
			name = MC1;
			productName = MC1;
			productReference = 99D4544D2AD7F3B2007E3E5C /* MC1.app */;
			productType = "com.apple.product-type.application";
		};
		99D4545C2AD7F3B3007E3E5C /* MC1Tests */ = {
			isa = PBXNativeTarget;
			buildConfigurationList = 99D454742AD7F3B3007E3E5C /* Build configuration list for PBXNativeTarget "MC1Tests" */;
			buildPhases = (
				99D454592AD7F3B3007E3E5C /* Sources */,
				99D4545A2AD7F3B3007E3E5C /* Frameworks */,
				99D4545B2AD7F3B3007E3E5C /* Resources */,
			);
			buildRules = (
			);
			dependencies = (
				99D4545F2AD7F3B3007E3E5C /* PBXTargetDependency */,
			);
			name = MC1Tests;
			productName = MC1Tests;
			productReference = 99D4545D2AD7F3B3007E3E5C /* MC1Tests.xctest */;
			productType = "com.apple.product-type.bundle.unit-test";
		};
		99D454662AD7F3B3007E3E5C /* MC1UITests */ = {
			isa = PBXNativeTarget;
			buildConfigurationList = 99D454772AD7F3B3007E3E5C /* Build configuration list for PBXNativeTarget "MC1UITests" */;
			buildPhases = (
				99D454632AD7F3B3007E3E5C /* Sources */,
				99D454642AD7F3B3007E3E5C /* Frameworks */,
				99D454652AD7F3B3007E3E5C /* Resources */,
			);
			buildRules = (
			);
			dependencies = (
				99D454692AD7F3B3007E3E5C /* PBXTargetDependency */,
			);
			name = MC1UITests;
			productName = MC1UITests;
			productReference = 99D454672AD7F3B3007E3E5C /* MC1UITests.xctest */;
			productType = "com.apple.product-type.bundle.ui-testing";
		};
/* End PBXNativeTarget section */

/* Begin PBXProject section */
		99D454452AD7F3B2007E3E5C /* Project object */ = {
			isa = PBXProject;
			attributes = {
				BuildIndependentTargetsInParallel = 1;
				LastSwiftUpdateCheck = 1500;
				LastUpgradeCheck = 1500;
				TargetAttributes = {
					99D4544C2AD7F3B2007E3E5C = {
						CreatedOnToolsVersion = 15.0;
					};
					99D4545C2AD7F3B3007E3E5C = {
						CreatedOnToolsVersion = 15.0;
						TestTargetID = 99D4544C2AD7F3B2007E3E5C;
					};
					99D454662AD7F3B3007E3E5C = {
						CreatedOnToolsVersion = 15.0;
						TestTargetID = 99D4544C2AD7F3B2007E3E5C;
					};
				};
			};
			buildConfigurationList = 99D454482AD7F3B2007E3E5C /* Build configuration list for PBXProject "MC1" */;
			compatibilityVersion = "Xcode 14.0";
			developmentRegion = en;
			hasScannedForEncodings = 0;
			knownRegions = (
				en,
				Base,
			);
			mainGroup = 99D454442AD7F3B2007E3E5C;
			productRefGroup = 99D4544E2AD7F3B2007E3E5C /* Products */;
			projectDirPath = "";
			projectRoot = "";
			targets = (
				99D4544C2AD7F3B2007E3E5C /* MC1 */,
				99D4545C2AD7F3B3007E3E5C /* MC1Tests */,
				99D454662AD7F3B3007E3E5C /* MC1UITests */,
			);
		};
/* End PBXProject section */

/* Begin PBXResourcesBuildPhase section */
		99D4544B2AD7F3B2007E3E5C /* Resources */ = {
			isa = PBXResourcesBuildPhase;
			buildActionMask = 2147483647;
			files = (
				99D454582AD7F3B3007E3E5C /* Preview Assets.xcassets in Resources */,
				99D454552AD7F3B3007E3E5C /* Assets.xcassets in Resources */,
			);
			runOnlyForDeploymentPostprocessing = 0;
		};
		99D4545B2AD7F3B3007E3E5C /* Resources */ = {
			isa = PBXResourcesBuildPhase;
			buildActionMask = 2147483647;
			files = (
			);
			runOnlyForDeploymentPostprocessing = 0;
		};
		99D454652AD7F3B3007E3E5C /* Resources */ = {
			isa = PBXResourcesBuildPhase;
			buildActionMask = 2147483647;
			files = (
			);
			runOnlyForDeploymentPostprocessing = 0;
		};
/* End PBXResourcesBuildPhase section */

/* Begin PBXSourcesBuildPhase section */
		99D454492AD7F3B2007E3E5C /* Sources */ = {
			isa = PBXSourcesBuildPhase;
			buildActionMask = 2147483647;
			files = (
				99D454532AD7F3B2007E3E5C /* ContentView.swift in Sources */,
				99D454512AD7F3B2007E3E5C /* MC1App.swift in Sources */,
			);
			runOnlyForDeploymentPostprocessing = 0;
		};
		99D454592AD7F3B3007E3E5C /* Sources */ = {
			isa = PBXSourcesBuildPhase;
			buildActionMask = 2147483647;
			files = (
				99D454622AD7F3B3007E3E5C /* MC1Tests.swift in Sources */,
			);
			runOnlyForDeploymentPostprocessing = 0;
		};
		99D454632AD7F3B3007E3E5C /* Sources */ = {
			isa = PBXSourcesBuildPhase;
			buildActionMask = 2147483647;
			files = (
				99D4546E2AD7F3B3007E3E5C /* MC1UITestsLaunchTests.swift in Sources */,
				99D4546C2AD7F3B3007E3E5C /* MC1UITests.swift in Sources */,
			);
			runOnlyForDeploymentPostprocessing = 0;
		};
/* End PBXSourcesBuildPhase section */

/* Begin PBXTargetDependency section */
		99D4545F2AD7F3B3007E3E5C /* PBXTargetDependency */ = {
			isa = PBXTargetDependency;
			target = 99D4544C2AD7F3B2007E3E5C /* MC1 */;
			targetProxy = 99D4545E2AD7F3B3007E3E5C /* PBXContainerItemProxy */;
		};
		99D454692AD7F3B3007E3E5C /* PBXTargetDependency */ = {
			isa = PBXTargetDependency;
			target = 99D4544C2AD7F3B2007E3E5C /* MC1 */;
			targetProxy = 99D454682AD7F3B3007E3E5C /* PBXContainerItemProxy */;
		};
/* End PBXTargetDependency section */

/* Begin XCBuildConfiguration section */
		99D4546F2AD7F3B3007E3E5C /* Debug */ = {
			isa = XCBuildConfiguration;
			buildSettings = {
				ALWAYS_SEARCH_USER_PATHS = NO;
				ASSETCATALOG_COMPILER_GENERATE_SWIFT_ASSET_SYMBOL_EXTENSIONS = YES;
				CLANG_ANALYZER_NONNULL = YES;
				CLANG_ANALYZER_NUMBER_OBJECT_CONVERSION = YES_AGGRESSIVE;
				CLANG_CXX_LANGUAGE_STANDARD = "gnu++20";
				CLANG_ENABLE_MODULES = YES;
				CLANG_ENABLE_OBJC_ARC = YES;
				CLANG_ENABLE_OBJC_WEAK = YES;
				CLANG_WARN_BLOCK_CAPTURE_AUTORELEASING = YES;
				CLANG_WARN_BOOL_CONVERSION = YES;
				CLANG_WARN_COMMA = YES;
				CLANG_WARN_CONSTANT_CONVERSION = YES;
				CLANG_WARN_DEPRECATED_OBJC_IMPLEMENTATIONS = YES;
				CLANG_WARN_DIRECT_OBJC_ISA_USAGE = YES_ERROR;
				CLANG_WARN_DOCUMENTATION_COMMENTS = YES;
				CLANG_WARN_EMPTY_BODY = YES;
				CLANG_WARN_ENUM_CONVERSION = YES;
				CLANG_WARN_INFINITE_RECURSION = YES;
				CLANG_WARN_INT_CONVERSION = YES;
				CLANG_WARN_NON_LITERAL_NULL_CONVERSION = YES;
				CLANG_WARN_OBJC_IMPLICIT_RETAIN_SELF = YES;
				CLANG_WARN_OBJC_LITERAL_CONVERSION = YES;
				CLANG_WARN_OBJC_ROOT_CLASS = YES_ERROR;
				CLANG_WARN_QUOTED_INCLUDE_IN_FRAMEWORK_HEADER = YES;
				CLANG_WARN_RANGE_LOOP_ANALYSIS = YES;
				CLANG_WARN_STRICT_PROTOTYPES = YES;
				CLANG_WARN_SUSPICIOUS_MOVE = YES;
				CLANG_WARN_UNGUARDED_AVAILABILITY = YES_AGGRESSIVE;
				CLANG_WARN_UNREACHABLE_CODE = YES;
				CLANG_WARN__DUPLICATE_METHOD_MATCH = YES;
				COPY_PHASE_STRIP = NO;
				DEBUG_INFORMATION_FORMAT = dwarf;
				ENABLE_STRICT_OBJC_MSGSEND = YES;
				ENABLE_TESTABILITY = YES;
				ENABLE_USER_SCRIPT_SANDBOXING = YES;
				GCC_C_LANGUAGE_STANDARD = gnu17;
				GCC_DYNAMIC_NO_PIC = NO;
				GCC_NO_COMMON_BLOCKS = YES;
				GCC_OPTIMIZATION_LEVEL = 0;
				GCC_PREPROCESSOR_DEFINITIONS = (
					"DEBUG=1",
					"$(inherited)",
				);
				GCC_WARN_64_TO_32_BIT_CONVERSION = YES;
				GCC_WARN_ABOUT_RETURN_TYPE = YES_ERROR;
				GCC_WARN_UNDECLARED_SELECTOR = YES;
				GCC_WARN_UNINITIALIZED_AUTOS = YES_AGGRESSIVE;
				GCC_WARN_UNUSED_FUNCTION = YES;
				GCC_WARN_UNUSED_VARIABLE = YES;
				IPHONEOS_DEPLOYMENT_TARGET = 17.0;
				LOCALIZATION_PREFERS_STRING_CATALOGS = YES;
				MTL_ENABLE_DEBUG_INFO = INCLUDE_SOURCE;
				MTL_FAST_MATH = YES;
				ONLY_ACTIVE_ARCH = YES;
				SDKROOT = iphoneos;
				SWIFT_ACTIVE_COMPILATION_CONDITIONS = "DEBUG $(inherited)";
				SWIFT_OPTIMIZATION_LEVEL = "-Onone";
			};
			name = Debug;
		};
		99D454702AD7F3B3007E3E5C /* Release */ = {
			isa = XCBuildConfiguration;
			buildSettings = {
				ALWAYS_SEARCH_USER_PATHS = NO;
				ASSETCATALOG_COMPILER_GENERATE_SWIFT_ASSET_SYMBOL_EXTENSIONS = YES;
				CLANG_ANALYZER_NONNULL = YES;
				CLANG_ANALYZER_NUMBER_OBJECT_CONVERSION = YES_AGGRESSIVE;
				CLANG_CXX_LANGUAGE_STANDARD = "gnu++20";
				CLANG_ENABLE_MODULES = YES;
				CLANG_ENABLE_OBJC_ARC = YES;
				CLANG_ENABLE_OBJC_WEAK = YES;
				CLANG_WARN_BLOCK_CAPTURE_AUTORELEASING = YES;
				CLANG_WARN_BOOL_CONVERSION = YES;
				CLANG_WARN_COMMA = YES;
				CLANG_WARN_CONSTANT_CONVERSION = YES;
				CLANG_WARN_DEPRECATED_OBJC_IMPLEMENTATIONS = YES;
				CLANG_WARN_DIRECT_OBJC_ISA_USAGE = YES_ERROR;
				CLANG_WARN_DOCUMENTATION_COMMENTS = YES;
				CLANG_WARN_EMPTY_BODY = YES;
				CLANG_WARN_ENUM_CONVERSION = YES;
				CLANG_WARN_INFINITE_RECURSION = YES;
				CLANG_WARN_INT_CONVERSION = YES;
				CLANG_WARN_NON_LITERAL_NULL_CONVERSION = YES;
				CLANG_WARN_OBJC_IMPLICIT_RETAIN_SELF = YES;
				CLANG_WARN_OBJC_LITERAL_CONVERSION = YES;
				CLANG_WARN_OBJC_ROOT_CLASS = YES_ERROR;
				CLANG_WARN_QUOTED_INCLUDE_IN_FRAMEWORK_HEADER = YES;
				CLANG_WARN_RANGE_LOOP_ANALYSIS = YES;
				CLANG_WARN_STRICT_PROTOTYPES = YES;
				CLANG_WARN_SUSPICIOUS_MOVE = YES;
				CLANG_WARN_UNGUARDED_AVAILABILITY = YES_AGGRESSIVE;
				CLANG_WARN_UNREACHABLE_CODE = YES;
				CLANG_WARN__DUPLICATE_METHOD_MATCH = YES;
				COPY_PHASE_STRIP = NO;
				DEBUG_INFORMATION_FORMAT = "dwarf-with-dsym";
				ENABLE_NS_ASSERTIONS = NO;
				ENABLE_STRICT_OBJC_MSGSEND = YES;
				ENABLE_USER_SCRIPT_SANDBOXING = YES;
				GCC_C_LANGUAGE_STANDARD = gnu17;
				GCC_NO_COMMON_BLOCKS = YES;
				GCC_WARN_64_TO_32_BIT_CONVERSION = YES;
				GCC_WARN_ABOUT_RETURN_TYPE = YES_ERROR;
				GCC_WARN_UNDECLARED_SELECTOR = YES;
				GCC_WARN_UNINITIALIZED_AUTOS = YES_AGGRESSIVE;
				GCC_WARN_UNUSED_FUNCTION = YES;
				GCC_WARN_UNUSED_VARIABLE = YES;
				IPHONEOS_DEPLOYMENT_TARGET = 17.0;
				LOCALIZATION_PREFERS_STRING_CATALOGS = YES;
				MTL_ENABLE_DEBUG_INFO = NO;
				MTL_FAST_MATH = YES;
				SDKROOT = iphoneos;
				SWIFT_COMPILATION_MODE = wholemodule;
				VALIDATE_PRODUCT = YES;
			};
			name = Release;
		};
		99D454722AD7F3B3007E3E5C /* Debug */ = {
			isa = XCBuildConfiguration;
			buildSettings = {
				ASSETCATALOG_COMPILER_APPICON_NAME = AppIcon;
				ASSETCATALOG_COMPILER_GLOBAL_ACCENT_COLOR_NAME = AccentColor;
				CODE_SIGN_STYLE = Automatic;
				CURRENT_PROJECT_VERSION = 1;
				DEVELOPMENT_ASSET_PATHS = "\"MC1/Preview Content\"";
				ENABLE_PREVIEWS = YES;
				GENERATE_INFOPLIST_FILE = YES;
				INFOPLIST_KEY_UIApplicationSceneManifest_Generation = YES;
				INFOPLIST_KEY_UIApplicationSupportsIndirectInputEvents = YES;
				INFOPLIST_KEY_UILaunchScreen_Generation = YES;
				INFOPLIST_KEY_UISupportedInterfaceOrientations_iPad = "UIInterfaceOrientationPortrait UIInterfaceOrientationPortraitUpsideDown UIInterfaceOrientationLandscapeLeft UIInterfaceOrientationLandscapeRight";
				INFOPLIST_KEY_UISupportedInterfaceOrientations_iPhone = "UIInterfaceOrientationPortrait UIInterfaceOrientationLandscapeLeft UIInterfaceOrientationLandscapeRight";
				LD_RUNPATH_SEARCH_PATHS = (
					"$(inherited)",
					"@executable_path/Frameworks",
				);
				MARKETING_VERSION = 1.0;
				PRODUCT_BUNDLE_IDENTIFIER = twq.MC1;
				PRODUCT_NAME = "$(TARGET_NAME)";
				SWIFT_EMIT_LOC_STRINGS = YES;
				SWIFT_VERSION = 5.0;
				TARGETED_DEVICE_FAMILY = "1,2";
			};
			name = Debug;
		};
		99D454732AD7F3B3007E3E5C /* Release */ = {
			isa = XCBuildConfiguration;
			buildSettings = {
				ASSETCATALOG_COMPILER_APPICON_NAME = AppIcon;
				ASSETCATALOG_COMPILER_GLOBAL_ACCENT_COLOR_NAME = AccentColor;
				CODE_SIGN_STYLE = Automatic;
				CURRENT_PROJECT_VERSION = 1;
				DEVELOPMENT_ASSET_PATHS = "\"MC1/Preview Content\"";
				ENABLE_PREVIEWS = YES;
				GENERATE_INFOPLIST_FILE = YES;
				INFOPLIST_KEY_UIApplicationSceneManifest_Generation = YES;
				INFOPLIST_KEY_UIApplicationSupportsIndirectInputEvents = YES;
				INFOPLIST_KEY_UILaunchScreen_Generation = YES;
				INFOPLIST_KEY_UISupportedInterfaceOrientations_iPad = "UIInterfaceOrientationPortrait UIInterfaceOrientationPortraitUpsideDown UIInterfaceOrientationLandscapeLeft UIInterfaceOrientationLandscapeRight";
				INFOPLIST_KEY_UISupportedInterfaceOrientations_iPhone = "UIInterfaceOrientationPortrait UIInterfaceOrientationLandscapeLeft UIInterfaceOrientationLandscapeRight";
				LD_RUNPATH_SEARCH_PATHS = (
					"$(inherited)",
					"@executable_path/Frameworks",
				);
				MARKETING_VERSION = 1.0;
				PRODUCT_BUNDLE_IDENTIFIER = twq.MC1;
				PRODUCT_NAME = "$(TARGET_NAME)";
				SWIFT_EMIT_LOC_STRINGS = YES;
				SWIFT_VERSION = 5.0;
				TARGETED_DEVICE_FAMILY = "1,2";
			};
			name = Release;
		};
		99D454752AD7F3B3007E3E5C /* Debug */ = {
			isa = XCBuildConfiguration;
			buildSettings = {
				ALWAYS_EMBED_SWIFT_STANDARD_LIBRARIES = YES;
				BUNDLE_LOADER = "$(TEST_HOST)";
				CODE_SIGN_STYLE = Automatic;
				CURRENT_PROJECT_VERSION = 1;
				GENERATE_INFOPLIST_FILE = YES;
				IPHONEOS_DEPLOYMENT_TARGET = 17.0;
				MARKETING_VERSION = 1.0;
				PRODUCT_BUNDLE_IDENTIFIER = twq.MC1Tests;
				PRODUCT_NAME = "$(TARGET_NAME)";
				SWIFT_EMIT_LOC_STRINGS = NO;
				SWIFT_VERSION = 5.0;
				TARGETED_DEVICE_FAMILY = "1,2";
				TEST_HOST = "$(BUILT_PRODUCTS_DIR)/MC1.app/$(BUNDLE_EXECUTABLE_FOLDER_PATH)/MC1";
			};
			name = Debug;
		};
		99D454762AD7F3B3007E3E5C /* Release */ = {
			isa = XCBuildConfiguration;
			buildSettings = {
				ALWAYS_EMBED_SWIFT_STANDARD_LIBRARIES = YES;
				BUNDLE_LOADER = "$(TEST_HOST)";
				CODE_SIGN_STYLE = Automatic;
				CURRENT_PROJECT_VERSION = 1;
				GENERATE_INFOPLIST_FILE = YES;
				IPHONEOS_DEPLOYMENT_TARGET = 17.0;
				MARKETING_VERSION = 1.0;
				PRODUCT_BUNDLE_IDENTIFIER = twq.MC1Tests;
				PRODUCT_NAME = "$(TARGET_NAME)";
				SWIFT_EMIT_LOC_STRINGS = NO;
				SWIFT_VERSION = 5.0;
				TARGETED_DEVICE_FAMILY = "1,2";
				TEST_HOST = "$(BUILT_PRODUCTS_DIR)/MC1.app/$(BUNDLE_EXECUTABLE_FOLDER_PATH)/MC1";
			};
			name = Release;
		};
		99D454782AD7F3B3007E3E5C /* Debug */ = {
			isa = XCBuildConfiguration;
			buildSettings = {
				ALWAYS_EMBED_SWIFT_STANDARD_LIBRARIES = YES;
				CODE_SIGN_STYLE = Automatic;
				CURRENT_PROJECT_VERSION = 1;
				GENERATE_INFOPLIST_FILE = YES;
				MARKETING_VERSION = 1.0;
				PRODUCT_BUNDLE_IDENTIFIER = twq.MC1UITests;
				PRODUCT_NAME = "$(TARGET_NAME)";
				SWIFT_EMIT_LOC_STRINGS = NO;
				SWIFT_VERSION = 5.0;
				TARGETED_DEVICE_FAMILY = "1,2";
				TEST_TARGET_NAME = MC1;
			};
			name = Debug;
		};
		99D454792AD7F3B3007E3E5C /* Release */ = {
			isa = XCBuildConfiguration;
			buildSettings = {
				ALWAYS_EMBED_SWIFT_STANDARD_LIBRARIES = YES;
				CODE_SIGN_STYLE = Automatic;
				CURRENT_PROJECT_VERSION = 1;
				GENERATE_INFOPLIST_FILE = YES;
				MARKETING_VERSION = 1.0;
				PRODUCT_BUNDLE_IDENTIFIER = twq.MC1UITests;
				PRODUCT_NAME = "$(TARGET_NAME)";
				SWIFT_EMIT_LOC_STRINGS = NO;
				SWIFT_VERSION = 5.0;
				TARGETED_DEVICE_FAMILY = "1,2";
				TEST_TARGET_NAME = MC1;
			};
			name = Release;
		};
/* End XCBuildConfiguration section */

/* Begin XCConfigurationList section */
		99D454482AD7F3B2007E3E5C /* Build configuration list for PBXProject "MC1" */ = {
			isa = XCConfigurationList;
			buildConfigurations = (
				99D4546F2AD7F3B3007E3E5C /* Debug */,
				99D454702AD7F3B3007E3E5C /* Release */,
			);
			defaultConfigurationIsVisible = 0;
			defaultConfigurationName = Release;
		};
		99D454712AD7F3B3007E3E5C /* Build configuration list for PBXNativeTarget "MC1" */ = {
			isa = XCConfigurationList;
			buildConfigurations = (
				99D454722AD7F3B3007E3E5C /* Debug */,
				99D454732AD7F3B3007E3E5C /* Release */,
			);
			defaultConfigurationIsVisible = 0;
			defaultConfigurationName = Release;
		};
		99D454742AD7F3B3007E3E5C /* Build configuration list for PBXNativeTarget "MC1Tests" */ = {
			isa = XCConfigurationList;
			buildConfigurations = (
				99D454752AD7F3B3007E3E5C /* Debug */,
				99D454762AD7F3B3007E3E5C /* Release */,
			);
			defaultConfigurationIsVisible = 0;
			defaultConfigurationName = Release;
		};
		99D454772AD7F3B3007E3E5C /* Build configuration list for PBXNativeTarget "MC1UITests" */ = {
			isa = XCConfigurationList;
			buildConfigurations = (
				99D454782AD7F3B3007E3E5C /* Debug */,
				99D454792AD7F3B3007E3E5C /* Release */,
			);
			defaultConfigurationIsVisible = 0;
			defaultConfigurationName = Release;
		};
/* End XCConfigurationList section */
	};
	rootObject = 99D454452AD7F3B2007E3E5C /* Project object */;
}
